
Microsoft Visual Studio Solution File, Format Version 12.00
# Visual Studio Version 16
VisualStudioVersion = 16.0.32407.337
MinimumVisualStudioVersion = 10.0.40219.1
Project("{FAE04EC0-301F-11D3-BF4B-00C04F79EFBC}") = "mdtTask1", "mdtTask1\mdtTask1.csproj", "{57813E08-A19F-4E55-BA8D-6660A31D0E84}"
EndProject
Global
	GlobalSection(SolutionConfigurationPlatforms) = preSolution
		Debug|Any CPU = Debug|Any CPU
		Release|Any CPU = Release|Any CPU
	EndGlobalSection
	GlobalSection(ProjectConfigurationPlatforms) = postSolution
		{57813E08-A19F-4E55-BA8D-6660A31D0E84}.Debug|Any CPU.ActiveCfg = Debug|Any CPU
		{57813E08-A19F-4E55-BA8D-6660A31D0E84}.Debug|Any CPU.Build.0 = Debug|Any CPU
		{57813E08-A19F-4E55-BA8D-6660A31D0E84}.Release|Any CPU.ActiveCfg = Release|Any CPU
		{57813E08-A19F-4E55-BA8D-6660A31D0E84}.Release|Any CPU.Build.0 = Release|Any CPU
	EndGlobalSection
	GlobalSection(SolutionProperties) = preSolution
		HideSolutionNode = FALSE
	EndGlobalSection
	GlobalSection(ExtensibilityGlobals) = postSolution
		SolutionGuid = {1F86B028-FC54-4FAF-8CE3-C5482066F746}
	EndGlobalSection
EndGlobal
